
Microsoft Visual Studio Solution File, Format Version 11.00
# Visual Studio 2010
Project("{8BC9CEB8-8B4A-11D0-8D11-00A0C91BC942}") = "MuterWin7", "MuterWin7\MuterWin7.vcxproj", "{6A50FDA6-76EE-4611-9A3D-B0958CD2BB9B}"
	ProjectSection(ProjectDependencies) = postProject
		{24B42955-E414-4551-B68C-5E05938CDC7C} = {24B42955-E414-4551-B68C-5E05938CDC7C}
	EndProjectSection
EndProject
Project("{8BC9CEB8-8B4A-11D0-8D11-00A0C91BC942}") = "MuterHook", "MuterHook\MuterHook.vcxproj", "{24B42955-E414-4551-B68C-5E05938CDC7C}"
EndProject
Global
	GlobalSection(SolutionConfigurationPlatforms) = preSolution
		Debug|Win32 = Debug|Win32
		Release|Win32 = Release|Win32
	EndGlobalSection
	GlobalSection(ProjectConfigurationPlatforms) = postSolution
		{6A50FDA6-76EE-4611-9A3D-B0958CD2BB9B}.Debug|Win32.ActiveCfg = Debug|Win32
		{6A50FDA6-76EE-4611-9A3D-B0958CD2BB9B}.Debug|Win32.Build.0 = Debug|Win32
		{6A50FDA6-76EE-4611-9A3D-B0958CD2BB9B}.Release|Win32.ActiveCfg = Release|Win32
		{6A50FDA6-76EE-4611-9A3D-B0958CD2BB9B}.Release|Win32.Build.0 = Release|Win32
		{24B42955-E414-4551-B68C-5E05938CDC7C}.Debug|Win32.ActiveCfg = Debug|Win32
		{24B42955-E414-4551-B68C-5E05938CDC7C}.Debug|Win32.Build.0 = Debug|Win32
		{24B42955-E414-4551-B68C-5E05938CDC7C}.Release|Win32.ActiveCfg = Release|Win32
		{24B42955-E414-4551-B68C-5E05938CDC7C}.Release|Win32.Build.0 = Release|Win32
	EndGlobalSection
	GlobalSection(SolutionProperties) = preSolution
		HideSolutionNode = FALSE
	EndGlobalSection
EndGlobal
