<?xml version="1.0" encoding="utf-8"?>
<Project ToolsVersion="4.0" xmlns="http://schemas.microsoft.com/developer/msbuild/2003">
  <ItemGroup>
    <Filter Include="Source Files">
      <UniqueIdentifier>{1e794fe9-ba41-48d9-b5bd-276e73acbb1d}</UniqueIdentifier>
      <Extensions>cpp;c;cxx;rc;def;r;odl;idl;hpj;bat</Extensions>
    </Filter>
    <Filter Include="Header Files">
      <UniqueIdentifier>{69c6ee1f-d442-4fea-852f-41c140b6c42e}</UniqueIdentifier>
      <Extensions>h;hpp;hxx;hm;inl</Extensions>
    </Filter>
    <Filter Include="Resource Files">
      <UniqueIdentifier>{82ddf3b3-63b5-44ce-a438-8e1a9c37e865}</UniqueIdentifier>
      <Extensions>ico;cur;bmp;dlg;rc2;rct;bin;rgs;gif;jpg;jpeg;jpe</Extensions>
    </Filter>
  </ItemGroup>
  <ItemGroup>
    <ClCompile Include="ApiHooks.cpp">
      <Filter>Source Files</Filter>
    </ClCompile>
    <ClCompile Include="BasicHooks.cpp">
      <Filter>Source Files</Filter>
    </ClCompile>
    <ClCompile Include="ComHooks.cpp">
      <Filter>Source Files</Filter>
    </ClCompile>
    <ClCompile Include="DllEntry.cpp">
      <Filter>Source Files</Filter>
    </ClCompile>
    <ClCompile Include="SDKTrace.cpp">
      <Filter>Source Files</Filter>
    </ClCompile>
    <ClCompile Include="SoundHooks.cpp">
      <Filter>Source Files</Filter>
    </ClCompile>
  </ItemGroup>
  <ItemGroup>
    <ClInclude Include="ApiHooks.h">
      <Filter>Header Files</Filter>
    </ClInclude>
    <ClInclude Include="BasicHooks.h">
      <Filter>Header Files</Filter>
    </ClInclude>
    <ClInclude Include="ComHooks.h">
      <Filter>Header Files</Filter>
    </ClInclude>
    <ClInclude Include="DllEntry.h">
      <Filter>Header Files</Filter>
    </ClInclude>
    <ClInclude Include="HookedDsound.h">
      <Filter>Header Files</Filter>
    </ClInclude>
    <ClInclude Include="SDKTrace.h">
      <Filter>Header Files</Filter>
    </ClInclude>
    <ClInclude Include="SoundHooks.h">
      <Filter>Header Files</Filter>
    </ClInclude>
  </ItemGroup>
</Project>